{
  "name": "did",
  "version": "1.0.0",
  "lockfileVersion": 3,
  "requires": true,
  "packages": {
    "": {
      "name": "did",
      "version": "1.0.0",
      "license": "ISC",
      "dependencies": {
        "@decentralized-identity/did-common-typescript": "^0.1.19"
      }
    },
    "node_modules/@decentralized-identity/did-common-typescript": {
      "version": "0.1.19",
      "resolved": "https://registry.npmjs.org/@decentralized-identity/did-common-typescript/-/did-common-typescript-0.1.19.tgz",
      "integrity": "sha512-GB3ZLXiyBmzbdur6dwqlf26+LSqeza2i5rE3sCu0vcbZ1R5+Av/vQyTZvh3zD/s4/8bdsnH942IvGu+sQqacqw==",
      "dependencies": {
        "base64url": "^3.0.1",
        "clone": "^2.1.2"
      }
    },
    "node_modules/base64url": {
      "version": "3.0.1",
      "resolved": "https://registry.npmjs.org/base64url/-/base64url-3.0.1.tgz",
      "integrity": "sha512-ir1UPr3dkwexU7FdV8qBBbNDRUhMmIekYMFZfi+C/sLNnRESKPl23nB9b2pltqfOQNnGzsDdId90AEtG5tCx4A==",
      "engines": {
        "node": ">=6.0.0"
      }
    },
    "node_modules/clone": {
      "version": "2.1.2",
      "resolved": "https://registry.npmjs.org/clone/-/clone-2.1.2.tgz",
      "integrity": "sha512-3Pe/CF1Nn94hyhIYpjtiLhdCoEoz0DqQ+988E9gmeEdQZlojxnOb74wctFyuwWQHzqyf9X7C7MG8juUpqBJT8w==",
      "engines": {
        "node": ">=0.8"
      }
    }
  }
}
